// !$*UTF8*$!
{
	archiveVersion = 1;
	classes = {
	};
	objectVersion = 50;
	objects = {

/* Begin PBXBuildFile section */
		5227C62524B9DA8D00F20DE5 /* AppDelegate.swift in Sources */ = {isa = PBXBuildFile; fileRef = 5227C62424B9DA8D00F20DE5 /* AppDelegate.swift */; };
		5227C62724B9DA8D00F20DE5 /* SceneDelegate.swift in Sources */ = {isa = PBXBuildFile; fileRef = 5227C62624B9DA8D00F20DE5 /* SceneDelegate.swift */; };
		5227C62924B9DA8D00F20DE5 /* EmojiMemoryGameView.swift in Sources */ = {isa = PBXBuildFile; fileRef = 5227C62824B9DA8D00F20DE5 /* EmojiMemoryGameView.swift */; };
		5227C62B24B9DA9000F20DE5 /* Assets.xcassets in Resources */ = {isa = PBXBuildFile; fileRef = 5227C62A24B9DA9000F20DE5 /* Assets.xcassets */; };
		5227C62E24B9DA9000F20DE5 /* Preview Assets.xcassets in Resources */ = {isa = PBXBuildFile; fileRef = 5227C62D24B9DA9000F20DE5 /* Preview Assets.xcassets */; };
		5227C63124B9DA9000F20DE5 /* LaunchScreen.storyboard in Resources */ = {isa = PBXBuildFile; fileRef = 5227C62F24B9DA9000F20DE5 /* LaunchScreen.storyboard */; };
		5227C63C24B9DA9000F20DE5 /* MemorizeTests.swift in Sources */ = {isa = PBXBuildFile; fileRef = 5227C63B24B9DA9000F20DE5 /* MemorizeTests.swift */; };
		5227C64724B9DA9000F20DE5 /* MemorizeUITests.swift in Sources */ = {isa = PBXBuildFile; fileRef = 5227C64624B9DA9000F20DE5 /* MemorizeUITests.swift */; };
		5227C65524B9F0C800F20DE5 /* MemoryGame.swift in Sources */ = {isa = PBXBuildFile; fileRef = 5227C65424B9F0C800F20DE5 /* MemoryGame.swift */; };
		5227C65724B9F25200F20DE5 /* EmojiMemoryGame.swift in Sources */ = {isa = PBXBuildFile; fileRef = 5227C65624B9F25200F20DE5 /* EmojiMemoryGame.swift */; };
/* End PBXBuildFile section */

/* Begin PBXContainerItemProxy section */
		5227C63824B9DA9000F20DE5 /* PBXContainerItemProxy */ = {
			isa = PBXContainerItemProxy;
			containerPortal = 5227C61924B9DA8D00F20DE5 /* Project object */;
			proxyType = 1;
			remoteGlobalIDString = 5227C62024B9DA8D00F20DE5;
			remoteInfo = Memorize;
		};
		5227C64324B9DA9000F20DE5 /* PBXContainerItemProxy */ = {
			isa = PBXContainerItemProxy;
			containerPortal = 5227C61924B9DA8D00F20DE5 /* Project object */;
			proxyType = 1;
			remoteGlobalIDString = 5227C62024B9DA8D00F20DE5;
			remoteInfo = Memorize;
		};
/* End PBXContainerItemProxy section */

/* Begin PBXFileReference section */
		5227C62124B9DA8D00F20DE5 /* Memorize.app */ = {isa = PBXFileReference; explicitFileType = wrapper.application; includeInIndex = 0; path = Memorize.app; sourceTree = BUILT_PRODUCTS_DIR; };
		5227C62424B9DA8D00F20DE5 /* AppDelegate.swift */ = {isa = PBXFileReference; lastKnownFileType = sourcecode.swift; path = AppDelegate.swift; sourceTree = "<group>"; };
		5227C62624B9DA8D00F20DE5 /* SceneDelegate.swift */ = {isa = PBXFileReference; lastKnownFileType = sourcecode.swift; path = SceneDelegate.swift; sourceTree = "<group>"; };
		5227C62824B9DA8D00F20DE5 /* EmojiMemoryGameView.swift */ = {isa = PBXFileReference; lastKnownFileType = sourcecode.swift; path = EmojiMemoryGameView.swift; sourceTree = "<group>"; };
		5227C62A24B9DA9000F20DE5 /* Assets.xcassets */ = {isa = PBXFileReference; lastKnownFileType = folder.assetcatalog; path = Assets.xcassets; sourceTree = "<group>"; };
		5227C62D24B9DA9000F20DE5 /* Preview Assets.xcassets */ = {isa = PBXFileReference; lastKnownFileType = folder.assetcatalog; path = "Preview Assets.xcassets"; sourceTree = "<group>"; };
		5227C63024B9DA9000F20DE5 /* Base */ = {isa = PBXFileReference; lastKnownFileType = file.storyboard; name = Base; path = Base.lproj/LaunchScreen.storyboard; sourceTree = "<group>"; };
		5227C63224B9DA9000F20DE5 /* Info.plist */ = {isa = PBXFileReference; lastKnownFileType = text.plist.xml; path = Info.plist; sourceTree = "<group>"; };
		5227C63724B9DA9000F20DE5 /* MemorizeTests.xctest */ = {isa = PBXFileReference; explicitFileType = wrapper.cfbundle; includeInIndex = 0; path = MemorizeTests.xctest; sourceTree = BUILT_PRODUCTS_DIR; };
		5227C63B24B9DA9000F20DE5 /* MemorizeTests.swift */ = {isa = PBXFileReference; lastKnownFileType = sourcecode.swift; path = MemorizeTests.swift; sourceTree = "<group>"; };
		5227C63D24B9DA9000F20DE5 /* Info.plist */ = {isa = PBXFileReference; lastKnownFileType = text.plist.xml; path = Info.plist; sourceTree = "<group>"; };
		5227C64224B9DA9000F20DE5 /* MemorizeUITests.xctest */ = {isa = PBXFileReference; explicitFileType = wrapper.cfbundle; includeInIndex = 0; path = MemorizeUITests.xctest; sourceTree = BUILT_PRODUCTS_DIR; };
		5227C64624B9DA9000F20DE5 /* MemorizeUITests.swift */ = {isa = PBXFileReference; lastKnownFileType = sourcecode.swift; path = MemorizeUITests.swift; sourceTree = "<group>"; };
		5227C64824B9DA9000F20DE5 /* Info.plist */ = {isa = PBXFileReference; lastKnownFileType = text.plist.xml; path = Info.plist; sourceTree = "<group>"; };
		5227C65424B9F0C800F20DE5 /* MemoryGame.swift */ = {isa = PBXFileReference; lastKnownFileType = sourcecode.swift; path = MemoryGame.swift; sourceTree = "<group>"; };
		5227C65624B9F25200F20DE5 /* EmojiMemoryGame.swift */ = {isa = PBXFileReference; lastKnownFileType = sourcecode.swift; path = EmojiMemoryGame.swift; sourceTree = "<group>"; };
/* End PBXFileReference section */

/* Begin PBXFrameworksBuildPhase section */
		5227C61E24B9DA8D00F20DE5 /* Frameworks */ = {
			isa = PBXFrameworksBuildPhase;
			buildActionMask = 2147483647;
			files = (
			);
			runOnlyForDeploymentPostprocessing = 0;
		};
		5227C63424B9DA9000F20DE5 /* Frameworks */ = {
			isa = PBXFrameworksBuildPhase;
			buildActionMask = 2147483647;
			files = (
			);
			runOnlyForDeploymentPostprocessing = 0;
		};
		5227C63F24B9DA9000F20DE5 /* Frameworks */ = {
			isa = PBXFrameworksBuildPhase;
			buildActionMask = 2147483647;
			files = (
			);
			runOnlyForDeploymentPostprocessing = 0;
		};
/* End PBXFrameworksBuildPhase section */

/* Begin PBXGroup section */
		5227C61824B9DA8D00F20DE5 = {
			isa = PBXGroup;
			children = (
				5227C62324B9DA8D00F20DE5 /* Memorize */,
				5227C63A24B9DA9000F20DE5 /* MemorizeTests */,
				5227C64524B9DA9000F20DE5 /* MemorizeUITests */,
				5227C62224B9DA8D00F20DE5 /* Products */,
			);
			sourceTree = "<group>";
		};
		5227C62224B9DA8D00F20DE5 /* Products */ = {
			isa = PBXGroup;
			children = (
				5227C62124B9DA8D00F20DE5 /* Memorize.app */,
				5227C63724B9DA9000F20DE5 /* MemorizeTests.xctest */,
				5227C64224B9DA9000F20DE5 /* MemorizeUITests.xctest */,
			);
			name = Products;
			sourceTree = "<group>";
		};
		5227C62324B9DA8D00F20DE5 /* Memorize */ = {
			isa = PBXGroup;
			children = (
				5227C62424B9DA8D00F20DE5 /* AppDelegate.swift */,
				5227C62624B9DA8D00F20DE5 /* SceneDelegate.swift */,
				5227C62824B9DA8D00F20DE5 /* EmojiMemoryGameView.swift */,
				5227C65424B9F0C800F20DE5 /* MemoryGame.swift */,
				5227C65624B9F25200F20DE5 /* EmojiMemoryGame.swift */,
				5227C62A24B9DA9000F20DE5 /* Assets.xcassets */,
				5227C62F24B9DA9000F20DE5 /* LaunchScreen.storyboard */,
				5227C63224B9DA9000F20DE5 /* Info.plist */,
				5227C62C24B9DA9000F20DE5 /* Preview Content */,
			);
			path = Memorize;
			sourceTree = "<group>";
		};
		5227C62C24B9DA9000F20DE5 /* Preview Content */ = {
			isa = PBXGroup;
			children = (
				5227C62D24B9DA9000F20DE5 /* Preview Assets.xcassets */,
			);
			path = "Preview Content";
			sourceTree = "<group>";
		};
		5227C63A24B9DA9000F20DE5 /* MemorizeTests */ = {
			isa = PBXGroup;
			children = (
				5227C63B24B9DA9000F20DE5 /* MemorizeTests.swift */,
				5227C63D24B9DA9000F20DE5 /* Info.plist */,
			);
			path = MemorizeTests;
			sourceTree = "<group>";
		};
		5227C64524B9DA9000F20DE5 /* MemorizeUITests */ = {
			isa = PBXGroup;
			children = (
				5227C64624B9DA9000F20DE5 /* MemorizeUITests.swift */,
				5227C64824B9DA9000F20DE5 /* Info.plist */,
			);
			path = MemorizeUITests;
			sourceTree = "<group>";
		};
/* End PBXGroup section */

/* Begin PBXNativeTarget section */
		5227C62024B9DA8D00F20DE5 /* Memorize */ = {
			isa = PBXNativeTarget;
			buildConfigurationList = 5227C64B24B9DA9000F20DE5 /* Build configuration list for PBXNativeTarget "Memorize" */;
			buildPhases = (
				5227C61D24B9DA8D00F20DE5 /* Sources */,
				5227C61E24B9DA8D00F20DE5 /* Frameworks */,
				5227C61F24B9DA8D00F20DE5 /* Resources */,
			);
			buildRules = (
			);
			dependencies = (
			);
			name = Memorize;
			productName = Memorize;
			productReference = 5227C62124B9DA8D00F20DE5 /* Memorize.app */;
			productType = "com.apple.product-type.application";
		};
		5227C63624B9DA9000F20DE5 /* MemorizeTests */ = {
			isa = PBXNativeTarget;
			buildConfigurationList = 5227C64E24B9DA9000F20DE5 /* Build configuration list for PBXNativeTarget "MemorizeTests" */;
			buildPhases = (
				5227C63324B9DA9000F20DE5 /* Sources */,
				5227C63424B9DA9000F20DE5 /* Frameworks */,
				5227C63524B9DA9000F20DE5 /* Resources */,
			);
			buildRules = (
			);
			dependencies = (
				5227C63924B9DA9000F20DE5 /* PBXTargetDependency */,
			);
			name = MemorizeTests;
			productName = MemorizeTests;
			productReference = 5227C63724B9DA9000F20DE5 /* MemorizeTests.xctest */;
			productType = "com.apple.product-type.bundle.unit-test";
		};
		5227C64124B9DA9000F20DE5 /* MemorizeUITests */ = {
			isa = PBXNativeTarget;
			buildConfigurationList = 5227C65124B9DA9000F20DE5 /* Build configuration list for PBXNativeTarget "MemorizeUITests" */;
			buildPhases = (
				5227C63E24B9DA9000F20DE5 /* Sources */,
				5227C63F24B9DA9000F20DE5 /* Frameworks */,
				5227C64024B9DA9000F20DE5 /* Resources */,
			);
			buildRules = (
			);
			dependencies = (
				5227C64424B9DA9000F20DE5 /* PBXTargetDependency */,
			);
			name = MemorizeUITests;
			productName = MemorizeUITests;
			productReference = 5227C64224B9DA9000F20DE5 /* MemorizeUITests.xctest */;
			productType = "com.apple.product-type.bundle.ui-testing";
		};
/* End PBXNativeTarget section */

/* Begin PBXProject section */
		5227C61924B9DA8D00F20DE5 /* Project object */ = {
			isa = PBXProject;
			attributes = {
				LastSwiftUpdateCheck = 1150;
				LastUpgradeCheck = 1150;
				ORGANIZATIONNAME = "Ronaiza Cardoso";
				TargetAttributes = {
					5227C62024B9DA8D00F20DE5 = {
						CreatedOnToolsVersion = 11.5;
					};
					5227C63624B9DA9000F20DE5 = {
						CreatedOnToolsVersion = 11.5;
						TestTargetID = 5227C62024B9DA8D00F20DE5;
					};
					5227C64124B9DA9000F20DE5 = {
						CreatedOnToolsVersion = 11.5;
						TestTargetID = 5227C62024B9DA8D00F20DE5;
					};
				};
			};
			buildConfigurationList = 5227C61C24B9DA8D00F20DE5 /* Build configuration list for PBXProject "Memorize" */;
			compatibilityVersion = "Xcode 9.3";
			developmentRegion = en;
			hasScannedForEncodings = 0;
			knownRegions = (
				en,
				Base,
			);
			mainGroup = 5227C61824B9DA8D00F20DE5;
			productRefGroup = 5227C62224B9DA8D00F20DE5 /* Products */;
			projectDirPath = "";
			projectRoot = "";
			targets = (
				5227C62024B9DA8D00F20DE5 /* Memorize */,
				5227C63624B9DA9000F20DE5 /* MemorizeTests */,
				5227C64124B9DA9000F20DE5 /* MemorizeUITests */,
			);
		};
/* End PBXProject section */

/* Begin PBXResourcesBuildPhase section */
		5227C61F24B9DA8D00F20DE5 /* Resources */ = {
			isa = PBXResourcesBuildPhase;
			buildActionMask = 2147483647;
			files = (
				5227C63124B9DA9000F20DE5 /* LaunchScreen.storyboard in Resources */,
				5227C62E24B9DA9000F20DE5 /* Preview Assets.xcassets in Resources */,
				5227C62B24B9DA9000F20DE5 /* Assets.xcassets in Resources */,
			);
			runOnlyForDeploymentPostprocessing = 0;
		};
		5227C63524B9DA9000F20DE5 /* Resources */ = {
			isa = PBXResourcesBuildPhase;
			buildActionMask = 2147483647;
			files = (
			);
			runOnlyForDeploymentPostprocessing = 0;
		};
		5227C64024B9DA9000F20DE5 /* Resources */ = {
			isa = PBXResourcesBuildPhase;
			buildActionMask = 2147483647;
			files = (
			);
			runOnlyForDeploymentPostprocessing = 0;
		};
/* End PBXResourcesBuildPhase section */

/* Begin PBXSourcesBuildPhase section */
		5227C61D24B9DA8D00F20DE5 /* Sources */ = {
			isa = PBXSourcesBuildPhase;
			buildActionMask = 2147483647;
			files = (
				5227C62524B9DA8D00F20DE5 /* AppDelegate.swift in Sources */,
				5227C62724B9DA8D00F20DE5 /* SceneDelegate.swift in Sources */,
				5227C62924B9DA8D00F20DE5 /* EmojiMemoryGameView.swift in Sources */,
				5227C65524B9F0C800F20DE5 /* MemoryGame.swift in Sources */,
				5227C65724B9F25200F20DE5 /* EmojiMemoryGame.swift in Sources */,
			);
			runOnlyForDeploymentPostprocessing = 0;
		};
		5227C63324B9DA9000F20DE5 /* Sources */ = {
			isa = PBXSourcesBuildPhase;
			buildActionMask = 2147483647;
			files = (
				5227C63C24B9DA9000F20DE5 /* MemorizeTests.swift in Sources */,
			);
			runOnlyForDeploymentPostprocessing = 0;
		};
		5227C63E24B9DA9000F20DE5 /* Sources */ = {
			isa = PBXSourcesBuildPhase;
			buildActionMask = 2147483647;
			files = (
				5227C64724B9DA9000F20DE5 /* MemorizeUITests.swift in Sources */,
			);
			runOnlyForDeploymentPostprocessing = 0;
		};
/* End PBXSourcesBuildPhase section */

/* Begin PBXTargetDependency section */
		5227C63924B9DA9000F20DE5 /* PBXTargetDependency */ = {
			isa = PBXTargetDependency;
			target = 5227C62024B9DA8D00F20DE5 /* Memorize */;
			targetProxy = 5227C63824B9DA9000F20DE5 /* PBXContainerItemProxy */;
		};
		5227C64424B9DA9000F20DE5 /* PBXTargetDependency */ = {
			isa = PBXTargetDependency;
			target = 5227C62024B9DA8D00F20DE5 /* Memorize */;
			targetProxy = 5227C64324B9DA9000F20DE5 /* PBXContainerItemProxy */;
		};
/* End PBXTargetDependency section */

/* Begin PBXVariantGroup section */
		5227C62F24B9DA9000F20DE5 /* LaunchScreen.storyboard */ = {
			isa = PBXVariantGroup;
			children = (
				5227C63024B9DA9000F20DE5 /* Base */,
			);
			name = LaunchScreen.storyboard;
			sourceTree = "<group>";
		};
/* End PBXVariantGroup section */

/* Begin XCBuildConfiguration section */
		5227C64924B9DA9000F20DE5 /* Debug */ = {
			isa = XCBuildConfiguration;
			buildSettings = {
				ALWAYS_SEARCH_USER_PATHS = NO;
				CLANG_ANALYZER_NONNULL = YES;
				CLANG_ANALYZER_NUMBER_OBJECT_CONVERSION = YES_AGGRESSIVE;
				CLANG_CXX_LANGUAGE_STANDARD = "gnu++14";
				CLANG_CXX_LIBRARY = "libc++";
				CLANG_ENABLE_MODULES = YES;
				CLANG_ENABLE_OBJC_ARC = YES;
				CLANG_ENABLE_OBJC_WEAK = YES;
				CLANG_WARN_BLOCK_CAPTURE_AUTORELEASING = YES;
				CLANG_WARN_BOOL_CONVERSION = YES;
				CLANG_WARN_COMMA = YES;
				CLANG_WARN_CONSTANT_CONVERSION = YES;
				CLANG_WARN_DEPRECATED_OBJC_IMPLEMENTATIONS = YES;
				CLANG_WARN_DIRECT_OBJC_ISA_USAGE = YES_ERROR;
				CLANG_WARN_DOCUMENTATION_COMMENTS = YES;
				CLANG_WARN_EMPTY_BODY = YES;
				CLANG_WARN_ENUM_CONVERSION = YES;
				CLANG_WARN_INFINITE_RECURSION = YES;
				CLANG_WARN_INT_CONVERSION = YES;
				CLANG_WARN_NON_LITERAL_NULL_CONVERSION = YES;
				CLANG_WARN_OBJC_IMPLICIT_RETAIN_SELF = YES;
				CLANG_WARN_OBJC_LITERAL_CONVERSION = YES;
				CLANG_WARN_OBJC_ROOT_CLASS = YES_ERROR;
				CLANG_WARN_RANGE_LOOP_ANALYSIS = YES;
				CLANG_WARN_STRICT_PROTOTYPES = YES;
				CLANG_WARN_SUSPICIOUS_MOVE = YES;
				CLANG_WARN_UNGUARDED_AVAILABILITY = YES_AGGRESSIVE;
				CLANG_WARN_UNREACHABLE_CODE = YES;
				CLANG_WARN__DUPLICATE_METHOD_MATCH = YES;
				COPY_PHASE_STRIP = NO;
				DEBUG_INFORMATION_FORMAT = dwarf;
				ENABLE_STRICT_OBJC_MSGSEND = YES;
				ENABLE_TESTABILITY = YES;
				GCC_C_LANGUAGE_STANDARD = gnu11;
				GCC_DYNAMIC_NO_PIC = NO;
				GCC_NO_COMMON_BLOCKS = YES;
				GCC_OPTIMIZATION_LEVEL = 0;
				GCC_PREPROCESSOR_DEFINITIONS = (
					"DEBUG=1",
					"$(inherited)",
				);
				GCC_WARN_64_TO_32_BIT_CONVERSION = YES;
				GCC_WARN_ABOUT_RETURN_TYPE = YES_ERROR;
				GCC_WARN_UNDECLARED_SELECTOR = YES;
				GCC_WARN_UNINITIALIZED_AUTOS = YES_AGGRESSIVE;
				GCC_WARN_UNUSED_FUNCTION = YES;
				GCC_WARN_UNUSED_VARIABLE = YES;
				IPHONEOS_DEPLOYMENT_TARGET = 13.5;
				MTL_ENABLE_DEBUG_INFO = INCLUDE_SOURCE;
				MTL_FAST_MATH = YES;
				ONLY_ACTIVE_ARCH = YES;
				SDKROOT = iphoneos;
				SWIFT_ACTIVE_COMPILATION_CONDITIONS = DEBUG;
				SWIFT_OPTIMIZATION_LEVEL = "-Onone";
			};
			name = Debug;
		};
		5227C64A24B9DA9000F20DE5 /* Release */ = {
			isa = XCBuildConfiguration;
			buildSettings = {
				ALWAYS_SEARCH_USER_PATHS = NO;
				CLANG_ANALYZER_NONNULL = YES;
				CLANG_ANALYZER_NUMBER_OBJECT_CONVERSION = YES_AGGRESSIVE;
				CLANG_CXX_LANGUAGE_STANDARD = "gnu++14";
				CLANG_CXX_LIBRARY = "libc++";
				CLANG_ENABLE_MODULES = YES;
				CLANG_ENABLE_OBJC_ARC = YES;
				CLANG_ENABLE_OBJC_WEAK = YES;
				CLANG_WARN_BLOCK_CAPTURE_AUTORELEASING = YES;
				CLANG_WARN_BOOL_CONVERSION = YES;
				CLANG_WARN_COMMA = YES;
				CLANG_WARN_CONSTANT_CONVERSION = YES;
				CLANG_WARN_DEPRECATED_OBJC_IMPLEMENTATIONS = YES;
				CLANG_WARN_DIRECT_OBJC_ISA_USAGE = YES_ERROR;
				CLANG_WARN_DOCUMENTATION_COMMENTS = YES;
				CLANG_WARN_EMPTY_BODY = YES;
				CLANG_WARN_ENUM_CONVERSION = YES;
				CLANG_WARN_INFINITE_RECURSION = YES;
				CLANG_WARN_INT_CONVERSION = YES;
				CLANG_WARN_NON_LITERAL_NULL_CONVERSION = YES;
				CLANG_WARN_OBJC_IMPLICIT_RETAIN_SELF = YES;
				CLANG_WARN_OBJC_LITERAL_CONVERSION = YES;
				CLANG_WARN_OBJC_ROOT_CLASS = YES_ERROR;
				CLANG_WARN_RANGE_LOOP_ANALYSIS = YES;
				CLANG_WARN_STRICT_PROTOTYPES = YES;
				CLANG_WARN_SUSPICIOUS_MOVE = YES;
				CLANG_WARN_UNGUARDED_AVAILABILITY = YES_AGGRESSIVE;
				CLANG_WARN_UNREACHABLE_CODE = YES;
				CLANG_WARN__DUPLICATE_METHOD_MATCH = YES;
				COPY_PHASE_STRIP = NO;
				DEBUG_INFORMATION_FORMAT = "dwarf-with-dsym";
				ENABLE_NS_ASSERTIONS = NO;
				ENABLE_STRICT_OBJC_MSGSEND = YES;
				GCC_C_LANGUAGE_STANDARD = gnu11;
				GCC_NO_COMMON_BLOCKS = YES;
				GCC_WARN_64_TO_32_BIT_CONVERSION = YES;
				GCC_WARN_ABOUT_RETURN_TYPE = YES_ERROR;
				GCC_WARN_UNDECLARED_SELECTOR = YES;
				GCC_WARN_UNINITIALIZED_AUTOS = YES_AGGRESSIVE;
				GCC_WARN_UNUSED_FUNCTION = YES;
				GCC_WARN_UNUSED_VARIABLE = YES;
				IPHONEOS_DEPLOYMENT_TARGET = 13.5;
				MTL_ENABLE_DEBUG_INFO = NO;
				MTL_FAST_MATH = YES;
				SDKROOT = iphoneos;
				SWIFT_COMPILATION_MODE = wholemodule;
				SWIFT_OPTIMIZATION_LEVEL = "-O";
				VALIDATE_PRODUCT = YES;
			};
			name = Release;
		};
		5227C64C24B9DA9000F20DE5 /* Debug */ = {
			isa = XCBuildConfiguration;
			buildSettings = {
				ASSETCATALOG_COMPILER_APPICON_NAME = AppIcon;
				CODE_SIGN_STYLE = Automatic;
				DEVELOPMENT_ASSET_PATHS = "\"Memorize/Preview Content\"";
				DEVELOPMENT_TEAM = 9AAX336TY3;
				ENABLE_PREVIEWS = YES;
				INFOPLIST_FILE = Memorize/Info.plist;
				LD_RUNPATH_SEARCH_PATHS = (
					"$(inherited)",
					"@executable_path/Frameworks",
				);
				PRODUCT_BUNDLE_IDENTIFIER = com.ronaiza.Memorize;
				PRODUCT_NAME = "$(TARGET_NAME)";
				SWIFT_VERSION = 5.0;
				TARGETED_DEVICE_FAMILY = "1,2";
			};
			name = Debug;
		};
		5227C64D24B9DA9000F20DE5 /* Release */ = {
			isa = XCBuildConfiguration;
			buildSettings = {
				ASSETCATALOG_COMPILER_APPICON_NAME = AppIcon;
				CODE_SIGN_STYLE = Automatic;
				DEVELOPMENT_ASSET_PATHS = "\"Memorize/Preview Content\"";
				DEVELOPMENT_TEAM = 9AAX336TY3;
				ENABLE_PREVIEWS = YES;
				INFOPLIST_FILE = Memorize/Info.plist;
				LD_RUNPATH_SEARCH_PATHS = (
					"$(inherited)",
					"@executable_path/Frameworks",
				);
				PRODUCT_BUNDLE_IDENTIFIER = com.ronaiza.Memorize;
				PRODUCT_NAME = "$(TARGET_NAME)";
				SWIFT_VERSION = 5.0;
				TARGETED_DEVICE_FAMILY = "1,2";
			};
			name = Release;
		};
		5227C64F24B9DA9000F20DE5 /* Debug */ = {
			isa = XCBuildConfiguration;
			buildSettings = {
				ALWAYS_EMBED_SWIFT_STANDARD_LIBRARIES = YES;
				BUNDLE_LOADER = "$(TEST_HOST)";
				CODE_SIGN_STYLE = Automatic;
				DEVELOPMENT_TEAM = 9AAX336TY3;
				INFOPLIST_FILE = MemorizeTests/Info.plist;
				IPHONEOS_DEPLOYMENT_TARGET = 13.5;
				LD_RUNPATH_SEARCH_PATHS = (
					"$(inherited)",
					"@executable_path/Frameworks",
					"@loader_path/Frameworks",
				);
				PRODUCT_BUNDLE_IDENTIFIER = com.ronaiza.MemorizeTests;
				PRODUCT_NAME = "$(TARGET_NAME)";
				SWIFT_VERSION = 5.0;
				TARGETED_DEVICE_FAMILY = "1,2";
				TEST_HOST = "$(BUILT_PRODUCTS_DIR)/Memorize.app/Memorize";
			};
			name = Debug;
		};
		5227C65024B9DA9000F20DE5 /* Release */ = {
			isa = XCBuildConfiguration;
			buildSettings = {
				ALWAYS_EMBED_SWIFT_STANDARD_LIBRARIES = YES;
				BUNDLE_LOADER = "$(TEST_HOST)";
				CODE_SIGN_STYLE = Automatic;
				DEVELOPMENT_TEAM = 9AAX336TY3;
				INFOPLIST_FILE = MemorizeTests/Info.plist;
				IPHONEOS_DEPLOYMENT_TARGET = 13.5;
				LD_RUNPATH_SEARCH_PATHS = (
					"$(inherited)",
					"@executable_path/Frameworks",
					"@loader_path/Frameworks",
				);
				PRODUCT_BUNDLE_IDENTIFIER = com.ronaiza.MemorizeTests;
				PRODUCT_NAME = "$(TARGET_NAME)";
				SWIFT_VERSION = 5.0;
				TARGETED_DEVICE_FAMILY = "1,2";
				TEST_HOST = "$(BUILT_PRODUCTS_DIR)/Memorize.app/Memorize";
			};
			name = Release;
		};
		5227C65224B9DA9000F20DE5 /* Debug */ = {
			isa = XCBuildConfiguration;
			buildSettings = {
				ALWAYS_EMBED_SWIFT_STANDARD_LIBRARIES = YES;
				CODE_SIGN_STYLE = Automatic;
				DEVELOPMENT_TEAM = 9AAX336TY3;
				INFOPLIST_FILE = MemorizeUITests/Info.plist;
				LD_RUNPATH_SEARCH_PATHS = (
					"$(inherited)",
					"@executable_path/Frameworks",
					"@loader_path/Frameworks",
				);
				PRODUCT_BUNDLE_IDENTIFIER = com.ronaiza.MemorizeUITests;
				PRODUCT_NAME = "$(TARGET_NAME)";
				SWIFT_VERSION = 5.0;
				TARGETED_DEVICE_FAMILY = "1,2";
				TEST_TARGET_NAME = Memorize;
			};
			name = Debug;
		};
		5227C65324B9DA9000F20DE5 /* Release */ = {
			isa = XCBuildConfiguration;
			buildSettings = {
				ALWAYS_EMBED_SWIFT_STANDARD_LIBRARIES = YES;
				CODE_SIGN_STYLE = Automatic;
				DEVELOPMENT_TEAM = 9AAX336TY3;
				INFOPLIST_FILE = MemorizeUITests/Info.plist;
				LD_RUNPATH_SEARCH_PATHS = (
					"$(inherited)",
					"@executable_path/Frameworks",
					"@loader_path/Frameworks",
				);
				PRODUCT_BUNDLE_IDENTIFIER = com.ronaiza.MemorizeUITests;
				PRODUCT_NAME = "$(TARGET_NAME)";
				SWIFT_VERSION = 5.0;
				TARGETED_DEVICE_FAMILY = "1,2";
				TEST_TARGET_NAME = Memorize;
			};
			name = Release;
		};
/* End XCBuildConfiguration section */

/* Begin XCConfigurationList section */
		5227C61C24B9DA8D00F20DE5 /* Build configuration list for PBXProject "Memorize" */ = {
			isa = XCConfigurationList;
			buildConfigurations = (
				5227C64924B9DA9000F20DE5 /* Debug */,
				5227C64A24B9DA9000F20DE5 /* Release */,
			);
			defaultConfigurationIsVisible = 0;
			defaultConfigurationName = Release;
		};
		5227C64B24B9DA9000F20DE5 /* Build configuration list for PBXNativeTarget "Memorize" */ = {
			isa = XCConfigurationList;
			buildConfigurations = (
				5227C64C24B9DA9000F20DE5 /* Debug */,
				5227C64D24B9DA9000F20DE5 /* Release */,
			);
			defaultConfigurationIsVisible = 0;
			defaultConfigurationName = Release;
		};
		5227C64E24B9DA9000F20DE5 /* Build configuration list for PBXNativeTarget "MemorizeTests" */ = {
			isa = XCConfigurationList;
			buildConfigurations = (
				5227C64F24B9DA9000F20DE5 /* Debug */,
				5227C65024B9DA9000F20DE5 /* Release */,
			);
			defaultConfigurationIsVisible = 0;
			defaultConfigurationName = Release;
		};
		5227C65124B9DA9000F20DE5 /* Build configuration list for PBXNativeTarget "MemorizeUITests" */ = {
			isa = XCConfigurationList;
			buildConfigurations = (
				5227C65224B9DA9000F20DE5 /* Debug */,
				5227C65324B9DA9000F20DE5 /* Release */,
			);
			defaultConfigurationIsVisible = 0;
			defaultConfigurationName = Release;
		};
/* End XCConfigurationList section */
	};
	rootObject = 5227C61924B9DA8D00F20DE5 /* Project object */;
}
